
Microsoft Visual Studio Solution File, Format Version 12.00
# Visual Studio Version 17
VisualStudioVersion = 17.13.35931.197 d17.13
MinimumVisualStudioVersion = 10.0.40219.1
Project("{FAE04EC0-301F-11D3-BF4B-00C04F79EFBC}") = "ControlWork2.Tests", "ControlWork2.Tests.csproj", "{0B70B7B1-4ACE-4CEB-AB65-AE058FF7CDD9}"
EndProject
Project("{FAE04EC0-301F-11D3-BF4B-00C04F79EFBC}") = "ControlWork2", "..\ControlWork2\ControlWork2.csproj", "{131B4841-3230-4012-B425-0613BCF9861E}"
EndProject
Global
	GlobalSection(SolutionConfigurationPlatforms) = preSolution
		Debug|Any CPU = Debug|Any CPU
		Release|Any CPU = Release|Any CPU
	EndGlobalSection
	GlobalSection(ProjectConfigurationPlatforms) = postSolution
		{0B70B7B1-4ACE-4CEB-AB65-AE058FF7CDD9}.Debug|Any CPU.ActiveCfg = Debug|Any CPU
		{0B70B7B1-4ACE-4CEB-AB65-AE058FF7CDD9}.Debug|Any CPU.Build.0 = Debug|Any CPU
		{0B70B7B1-4ACE-4CEB-AB65-AE058FF7CDD9}.Release|Any CPU.ActiveCfg = Release|Any CPU
		{0B70B7B1-4ACE-4CEB-AB65-AE058FF7CDD9}.Release|Any CPU.Build.0 = Release|Any CPU
		{131B4841-3230-4012-B425-0613BCF9861E}.Debug|Any CPU.ActiveCfg = Debug|Any CPU
		{131B4841-3230-4012-B425-0613BCF9861E}.Debug|Any CPU.Build.0 = Debug|Any CPU
		{131B4841-3230-4012-B425-0613BCF9861E}.Release|Any CPU.ActiveCfg = Release|Any CPU
		{131B4841-3230-4012-B425-0613BCF9861E}.Release|Any CPU.Build.0 = Release|Any CPU
	EndGlobalSection
	GlobalSection(SolutionProperties) = preSolution
		HideSolutionNode = FALSE
	EndGlobalSection
	GlobalSection(ExtensibilityGlobals) = postSolution
		SolutionGuid = {BCCFB818-073E-4DBD-95AF-6F901F5E655C}
	EndGlobalSection
EndGlobal
