
Microsoft Visual Studio Solution File, Format Version 12.00
# Visual Studio Version 17
VisualStudioVersion = 17.13.35931.197 d17.13
MinimumVisualStudioVersion = 10.0.40219.1
Project("{FAE04EC0-301F-11D3-BF4B-00C04F79EFBC}") = "ControlWork.Test", "ControlWork.Test.csproj", "{C1C15550-BD76-40EE-8C18-D4992B3C688A}"
EndProject
Project("{FAE04EC0-301F-11D3-BF4B-00C04F79EFBC}") = "ControlWork", "..\ControlWork\ControlWork.csproj", "{16101869-2F4F-E47E-CF05-218AA01673B4}"
EndProject
Global
	GlobalSection(SolutionConfigurationPlatforms) = preSolution
		Debug|Any CPU = Debug|Any CPU
		Release|Any CPU = Release|Any CPU
	EndGlobalSection
	GlobalSection(ProjectConfigurationPlatforms) = postSolution
		{C1C15550-BD76-40EE-8C18-D4992B3C688A}.Debug|Any CPU.ActiveCfg = Debug|Any CPU
		{C1C15550-BD76-40EE-8C18-D4992B3C688A}.Debug|Any CPU.Build.0 = Debug|Any CPU
		{C1C15550-BD76-40EE-8C18-D4992B3C688A}.Release|Any CPU.ActiveCfg = Release|Any CPU
		{C1C15550-BD76-40EE-8C18-D4992B3C688A}.Release|Any CPU.Build.0 = Release|Any CPU
		{16101869-2F4F-E47E-CF05-218AA01673B4}.Debug|Any CPU.ActiveCfg = Debug|Any CPU
		{16101869-2F4F-E47E-CF05-218AA01673B4}.Debug|Any CPU.Build.0 = Debug|Any CPU
		{16101869-2F4F-E47E-CF05-218AA01673B4}.Release|Any CPU.ActiveCfg = Release|Any CPU
		{16101869-2F4F-E47E-CF05-218AA01673B4}.Release|Any CPU.Build.0 = Release|Any CPU
	EndGlobalSection
	GlobalSection(SolutionProperties) = preSolution
		HideSolutionNode = FALSE
	EndGlobalSection
	GlobalSection(ExtensibilityGlobals) = postSolution
		SolutionGuid = {183B8F7D-7D43-4532-A304-7154604EA3E6}
	EndGlobalSection
EndGlobal
