
Microsoft Visual Studio Solution File, Format Version 12.00
# Visual Studio Version 17
VisualStudioVersion = 17.14.36221.1 d17.14
MinimumVisualStudioVersion = 10.0.40219.1
Project("{FAE04EC0-301F-11D3-BF4B-00C04F79EFBC}") = "Control", "Control\Control.csproj", "{6BAAE9C5-60C6-4A85-A1F8-59A2CDBF6CDB}"
EndProject
Global
	GlobalSection(SolutionConfigurationPlatforms) = preSolution
		Debug|Any CPU = Debug|Any CPU
		Release|Any CPU = Release|Any CPU
	EndGlobalSection
	GlobalSection(ProjectConfigurationPlatforms) = postSolution
		{6BAAE9C5-60C6-4A85-A1F8-59A2CDBF6CDB}.Debug|Any CPU.ActiveCfg = Debug|Any CPU
		{6BAAE9C5-60C6-4A85-A1F8-59A2CDBF6CDB}.Debug|Any CPU.Build.0 = Debug|Any CPU
		{6BAAE9C5-60C6-4A85-A1F8-59A2CDBF6CDB}.Release|Any CPU.ActiveCfg = Release|Any CPU
		{6BAAE9C5-60C6-4A85-A1F8-59A2CDBF6CDB}.Release|Any CPU.Build.0 = Release|Any CPU
	EndGlobalSection
	GlobalSection(SolutionProperties) = preSolution
		HideSolutionNode = FALSE
	EndGlobalSection
	GlobalSection(ExtensibilityGlobals) = postSolution
		SolutionGuid = {940132F9-C916-44F1-B129-2733F28D95DF}
	EndGlobalSection
EndGlobal
