
Microsoft Visual Studio Solution File, Format Version 12.00
# Visual Studio Version 17
VisualStudioVersion = 17.13.35825.156 d17.13
MinimumVisualStudioVersion = 10.0.40219.1
Project("{FAE04EC0-301F-11D3-BF4B-00C04F79EFBC}") = "Bor", "Bor.csproj", "{2EE5F872-E435-42F5-941A-4DA7F91261BA}"
EndProject
Global
	GlobalSection(SolutionConfigurationPlatforms) = preSolution
		Debug|Any CPU = Debug|Any CPU
		Release|Any CPU = Release|Any CPU
	EndGlobalSection
	GlobalSection(ProjectConfigurationPlatforms) = postSolution
		{2EE5F872-E435-42F5-941A-4DA7F91261BA}.Debug|Any CPU.ActiveCfg = Debug|Any CPU
		{2EE5F872-E435-42F5-941A-4DA7F91261BA}.Debug|Any CPU.Build.0 = Debug|Any CPU
		{2EE5F872-E435-42F5-941A-4DA7F91261BA}.Release|Any CPU.ActiveCfg = Release|Any CPU
		{2EE5F872-E435-42F5-941A-4DA7F91261BA}.Release|Any CPU.Build.0 = Release|Any CPU
	EndGlobalSection
	GlobalSection(SolutionProperties) = preSolution
		HideSolutionNode = FALSE
	EndGlobalSection
	GlobalSection(ExtensibilityGlobals) = postSolution
		SolutionGuid = {874F97B4-5314-40D9-B671-79DD7879B8F2}
	EndGlobalSection
EndGlobal
