
Microsoft Visual Studio Solution File, Format Version 12.00
# Visual Studio Version 17
VisualStudioVersion = 17.13.35931.197 d17.13
MinimumVisualStudioVersion = 10.0.40219.1
Project("{FAE04EC0-301F-11D3-BF4B-00C04F79EFBC}") = "LZW.Tests", "LZW.Tests.csproj", "{BBA5140B-9499-49A7-94A9-659EB8AA1E23}"
EndProject
Project("{FAE04EC0-301F-11D3-BF4B-00C04F79EFBC}") = "LZW", "..\..\semester2\LZW\LZW.csproj", "{B7717801-6A7C-9A10-67FA-E580E7E35A5A}"
EndProject
Global
	GlobalSection(SolutionConfigurationPlatforms) = preSolution
		Debug|Any CPU = Debug|Any CPU
		Release|Any CPU = Release|Any CPU
	EndGlobalSection
	GlobalSection(ProjectConfigurationPlatforms) = postSolution
		{BBA5140B-9499-49A7-94A9-659EB8AA1E23}.Debug|Any CPU.ActiveCfg = Debug|Any CPU
		{BBA5140B-9499-49A7-94A9-659EB8AA1E23}.Debug|Any CPU.Build.0 = Debug|Any CPU
		{BBA5140B-9499-49A7-94A9-659EB8AA1E23}.Release|Any CPU.ActiveCfg = Release|Any CPU
		{BBA5140B-9499-49A7-94A9-659EB8AA1E23}.Release|Any CPU.Build.0 = Release|Any CPU
		{B7717801-6A7C-9A10-67FA-E580E7E35A5A}.Debug|Any CPU.ActiveCfg = Debug|Any CPU
		{B7717801-6A7C-9A10-67FA-E580E7E35A5A}.Debug|Any CPU.Build.0 = Debug|Any CPU
		{B7717801-6A7C-9A10-67FA-E580E7E35A5A}.Release|Any CPU.ActiveCfg = Release|Any CPU
		{B7717801-6A7C-9A10-67FA-E580E7E35A5A}.Release|Any CPU.Build.0 = Release|Any CPU
	EndGlobalSection
	GlobalSection(SolutionProperties) = preSolution
		HideSolutionNode = FALSE
	EndGlobalSection
	GlobalSection(ExtensibilityGlobals) = postSolution
		SolutionGuid = {FCAC57EB-4953-4FD0-9CD4-C503C344AA7C}
	EndGlobalSection
EndGlobal
