
Microsoft Visual Studio Solution File, Format Version 12.00
# Visual Studio Version 17
VisualStudioVersion = 17.13.35931.197 d17.13
MinimumVisualStudioVersion = 10.0.40219.1
Project("{FAE04EC0-301F-11D3-BF4B-00C04F79EFBC}") = "ControlWork", "ControlWork.csproj", "{2AE17F79-5BAC-4E36-8903-18B54BD20890}"
EndProject
Global
	GlobalSection(SolutionConfigurationPlatforms) = preSolution
		Debug|Any CPU = Debug|Any CPU
		Release|Any CPU = Release|Any CPU
	EndGlobalSection
	GlobalSection(ProjectConfigurationPlatforms) = postSolution
		{2AE17F79-5BAC-4E36-8903-18B54BD20890}.Debug|Any CPU.ActiveCfg = Debug|Any CPU
		{2AE17F79-5BAC-4E36-8903-18B54BD20890}.Debug|Any CPU.Build.0 = Debug|Any CPU
		{2AE17F79-5BAC-4E36-8903-18B54BD20890}.Release|Any CPU.ActiveCfg = Release|Any CPU
		{2AE17F79-5BAC-4E36-8903-18B54BD20890}.Release|Any CPU.Build.0 = Release|Any CPU
	EndGlobalSection
	GlobalSection(SolutionProperties) = preSolution
		HideSolutionNode = FALSE
	EndGlobalSection
	GlobalSection(ExtensibilityGlobals) = postSolution
		SolutionGuid = {57C6B732-3567-49C3-98B9-BD767BBEE05A}
	EndGlobalSection
EndGlobal
